
Microsoft Visual Studio Solution File, Format Version 12.00
# Visual Studio 2012
Project("{FAE04EC0-301F-11D3-BF4B-00C04F79EFBC}") = "bishe", "bishe\bishe.csproj", "{46857888-FF75-4A8D-B3C5-C2F4A007E455}"
EndProject
Global
	GlobalSection(SolutionConfigurationPlatforms) = preSolution
		Debug|Any CPU = Debug|Any CPU
		Release|Any CPU = Release|Any CPU
	EndGlobalSection
	GlobalSection(ProjectConfigurationPlatforms) = postSolution
		{46857888-FF75-4A8D-B3C5-C2F4A007E455}.Debug|Any CPU.ActiveCfg = Debug|Any CPU
		{46857888-FF75-4A8D-B3C5-C2F4A007E455}.Debug|Any CPU.Build.0 = Debug|Any CPU
		{46857888-FF75-4A8D-B3C5-C2F4A007E455}.Release|Any CPU.ActiveCfg = Release|Any CPU
		{46857888-FF75-4A8D-B3C5-C2F4A007E455}.Release|Any CPU.Build.0 = Release|Any CPU
	EndGlobalSection
	GlobalSection(SolutionProperties) = preSolution
		HideSolutionNode = FALSE
	EndGlobalSection
EndGlobal
